// !$*UTF8*$!
{
	archiveVersion = 1;
	classes = {
	};
	objectVersion = 56;
	objects = {

/* Begin PBXBuildFile section */
		F1961CE82D0D8B4B00040E03 /* notes.md in Resources */ = {isa = PBXBuildFile; fileRef = F1961CE72D0D8B4B00040E03 /* notes.md */; };
		F1961CEA2D0DC8FF00040E03 /* Shaders.metal in Sources */ = {isa = PBXBuildFile; fileRef = F1961CE92D0DC8FF00040E03 /* Shaders.metal */; };
		F1C532CB2D08DA9D0008B585 /* AppDelegate.m in Sources */ = {isa = PBXBuildFile; fileRef = F1C532CA2D08DA9D0008B585 /* AppDelegate.m */; };
		F1C532CE2D08DA9D0008B585 /* ViewController.mm in Sources */ = {isa = PBXBuildFile; fileRef = F1C532CD2D08DA9D0008B585 /* ViewController.mm */; };
		F1C532D02D08DA9F0008B585 /* Assets.xcassets in Resources */ = {isa = PBXBuildFile; fileRef = F1C532CF2D08DA9F0008B585 /* Assets.xcassets */; };
		F1C532D32D08DA9F0008B585 /* Main.storyboard in Resources */ = {isa = PBXBuildFile; fileRef = F1C532D12D08DA9F0008B585 /* Main.storyboard */; };
		F1C532D52D08DA9F0008B585 /* main.m in Sources */ = {isa = PBXBuildFile; fileRef = F1C532D42D08DA9F0008B585 /* main.m */; };
		F1C532E02D08DAA00008B585 /* MetalDemoTests.m in Sources */ = {isa = PBXBuildFile; fileRef = F1C532DF2D08DAA00008B585 /* MetalDemoTests.m */; };
		F1C532EA2D08DAA00008B585 /* MetalDemoUITests.m in Sources */ = {isa = PBXBuildFile; fileRef = F1C532E92D08DAA00008B585 /* MetalDemoUITests.m */; };
		F1C532EC2D08DAA00008B585 /* MetalDemoUITestsLaunchTests.m in Sources */ = {isa = PBXBuildFile; fileRef = F1C532EB2D08DAA00008B585 /* MetalDemoUITestsLaunchTests.m */; };
		F1C532FA2D08DC2C0008B585 /* Foundation.framework in Frameworks */ = {isa = PBXBuildFile; fileRef = F1C532F92D08DC2C0008B585 /* Foundation.framework */; };
		F1C532FC2D08DC350008B585 /* Metal.framework in Frameworks */ = {isa = PBXBuildFile; fileRef = F1C532FB2D08DC350008B585 /* Metal.framework */; };
		F1C532FE2D08DC3B0008B585 /* QuartzCore.framework in Frameworks */ = {isa = PBXBuildFile; fileRef = F1C532FD2D08DC3B0008B585 /* QuartzCore.framework */; };
		F1C533012D08DD490008B585 /* Renderer.cpp in Sources */ = {isa = PBXBuildFile; fileRef = F1C532FF2D08DD490008B585 /* Renderer.cpp */; };
		F1C533032D08DFB90008B585 /* RendererAdapter.mm in Sources */ = {isa = PBXBuildFile; fileRef = F1C533022D08DFB90008B585 /* RendererAdapter.mm */; };
/* End PBXBuildFile section */

/* Begin PBXContainerItemProxy section */
		F1C532DC2D08DAA00008B585 /* PBXContainerItemProxy */ = {
			isa = PBXContainerItemProxy;
			containerPortal = F1C532BE2D08DA9D0008B585 /* Project object */;
			proxyType = 1;
			remoteGlobalIDString = F1C532C52D08DA9D0008B585;
			remoteInfo = MetalDemo;
		};
		F1C532E62D08DAA00008B585 /* PBXContainerItemProxy */ = {
			isa = PBXContainerItemProxy;
			containerPortal = F1C532BE2D08DA9D0008B585 /* Project object */;
			proxyType = 1;
			remoteGlobalIDString = F1C532C52D08DA9D0008B585;
			remoteInfo = MetalDemo;
		};
/* End PBXContainerItemProxy section */

/* Begin PBXFileReference section */
		F1961CE72D0D8B4B00040E03 /* notes.md */ = {isa = PBXFileReference; lastKnownFileType = net.daringfireball.markdown; path = notes.md; sourceTree = "<group>"; };
		F1961CE92D0DC8FF00040E03 /* Shaders.metal */ = {isa = PBXFileReference; lastKnownFileType = sourcecode.metal; path = Shaders.metal; sourceTree = "<group>"; };
		F1C532C62D08DA9D0008B585 /* MetalDemo.app */ = {isa = PBXFileReference; explicitFileType = wrapper.application; includeInIndex = 0; path = MetalDemo.app; sourceTree = BUILT_PRODUCTS_DIR; };
		F1C532C92D08DA9D0008B585 /* AppDelegate.h */ = {isa = PBXFileReference; lastKnownFileType = sourcecode.c.h; path = AppDelegate.h; sourceTree = "<group>"; };
		F1C532CA2D08DA9D0008B585 /* AppDelegate.m */ = {isa = PBXFileReference; lastKnownFileType = sourcecode.c.objc; path = AppDelegate.m; sourceTree = "<group>"; };
		F1C532CC2D08DA9D0008B585 /* ViewController.h */ = {isa = PBXFileReference; lastKnownFileType = sourcecode.c.h; path = ViewController.h; sourceTree = "<group>"; };
		F1C532CD2D08DA9D0008B585 /* ViewController.mm */ = {isa = PBXFileReference; lastKnownFileType = sourcecode.cpp.objcpp; path = ViewController.mm; sourceTree = "<group>"; };
		F1C532CF2D08DA9F0008B585 /* Assets.xcassets */ = {isa = PBXFileReference; lastKnownFileType = folder.assetcatalog; path = Assets.xcassets; sourceTree = "<group>"; };
		F1C532D22D08DA9F0008B585 /* Base */ = {isa = PBXFileReference; lastKnownFileType = file.storyboard; name = Base; path = Base.lproj/Main.storyboard; sourceTree = "<group>"; };
		F1C532D42D08DA9F0008B585 /* main.m */ = {isa = PBXFileReference; lastKnownFileType = sourcecode.c.objc; path = main.m; sourceTree = "<group>"; };
		F1C532D62D08DA9F0008B585 /* MetalDemo.entitlements */ = {isa = PBXFileReference; lastKnownFileType = text.plist.entitlements; path = MetalDemo.entitlements; sourceTree = "<group>"; };
		F1C532DB2D08DAA00008B585 /* MetalDemoTests.xctest */ = {isa = PBXFileReference; explicitFileType = wrapper.cfbundle; includeInIndex = 0; path = MetalDemoTests.xctest; sourceTree = BUILT_PRODUCTS_DIR; };
		F1C532DF2D08DAA00008B585 /* MetalDemoTests.m */ = {isa = PBXFileReference; lastKnownFileType = sourcecode.c.objc; path = MetalDemoTests.m; sourceTree = "<group>"; };
		F1C532E52D08DAA00008B585 /* MetalDemoUITests.xctest */ = {isa = PBXFileReference; explicitFileType = wrapper.cfbundle; includeInIndex = 0; path = MetalDemoUITests.xctest; sourceTree = BUILT_PRODUCTS_DIR; };
		F1C532E92D08DAA00008B585 /* MetalDemoUITests.m */ = {isa = PBXFileReference; lastKnownFileType = sourcecode.c.objc; path = MetalDemoUITests.m; sourceTree = "<group>"; };
		F1C532EB2D08DAA00008B585 /* MetalDemoUITestsLaunchTests.m */ = {isa = PBXFileReference; lastKnownFileType = sourcecode.c.objc; path = MetalDemoUITestsLaunchTests.m; sourceTree = "<group>"; };
		F1C532F92D08DC2C0008B585 /* Foundation.framework */ = {isa = PBXFileReference; lastKnownFileType = wrapper.framework; name = Foundation.framework; path = System/Library/Frameworks/Foundation.framework; sourceTree = SDKROOT; };
		F1C532FB2D08DC350008B585 /* Metal.framework */ = {isa = PBXFileReference; lastKnownFileType = wrapper.framework; name = Metal.framework; path = System/Library/Frameworks/Metal.framework; sourceTree = SDKROOT; };
		F1C532FD2D08DC3B0008B585 /* QuartzCore.framework */ = {isa = PBXFileReference; lastKnownFileType = wrapper.framework; name = QuartzCore.framework; path = System/Library/Frameworks/QuartzCore.framework; sourceTree = SDKROOT; };
		F1C532FF2D08DD490008B585 /* Renderer.cpp */ = {isa = PBXFileReference; lastKnownFileType = sourcecode.cpp.cpp; name = Renderer.cpp; path = src/Renderer.cpp; sourceTree = "<group>"; };
		F1C533002D08DD490008B585 /* Renderer.hpp */ = {isa = PBXFileReference; lastKnownFileType = sourcecode.cpp.h; name = Renderer.hpp; path = src/Renderer.hpp; sourceTree = "<group>"; };
		F1C533022D08DFB90008B585 /* RendererAdapter.mm */ = {isa = PBXFileReference; lastKnownFileType = sourcecode.cpp.objcpp; name = RendererAdapter.mm; path = src/RendererAdapter.mm; sourceTree = "<group>"; };
		F1C533042D08DFF10008B585 /* RendererAdapter.h */ = {isa = PBXFileReference; lastKnownFileType = sourcecode.c.h; name = RendererAdapter.h; path = src/RendererAdapter.h; sourceTree = "<group>"; };
/* End PBXFileReference section */

/* Begin PBXFrameworksBuildPhase section */
		F1C532C32D08DA9D0008B585 /* Frameworks */ = {
			isa = PBXFrameworksBuildPhase;
			buildActionMask = 2147483647;
			files = (
				F1C532FC2D08DC350008B585 /* Metal.framework in Frameworks */,
				F1C532FA2D08DC2C0008B585 /* Foundation.framework in Frameworks */,
				F1C532FE2D08DC3B0008B585 /* QuartzCore.framework in Frameworks */,
			);
			runOnlyForDeploymentPostprocessing = 0;
		};
		F1C532D82D08DAA00008B585 /* Frameworks */ = {
			isa = PBXFrameworksBuildPhase;
			buildActionMask = 2147483647;
			files = (
			);
			runOnlyForDeploymentPostprocessing = 0;
		};
		F1C532E22D08DAA00008B585 /* Frameworks */ = {
			isa = PBXFrameworksBuildPhase;
			buildActionMask = 2147483647;
			files = (
			);
			runOnlyForDeploymentPostprocessing = 0;
		};
/* End PBXFrameworksBuildPhase section */

/* Begin PBXGroup section */
		F1C532BD2D08DA9D0008B585 = {
			isa = PBXGroup;
			children = (
				F1C532C82D08DA9D0008B585 /* MetalDemo */,
				F1C532DE2D08DAA00008B585 /* MetalDemoTests */,
				F1C532E82D08DAA00008B585 /* MetalDemoUITests */,
				F1C532C72D08DA9D0008B585 /* Products */,
				F1C532F82D08DC2B0008B585 /* Frameworks */,
			);
			sourceTree = "<group>";
		};
		F1C532C72D08DA9D0008B585 /* Products */ = {
			isa = PBXGroup;
			children = (
				F1C532C62D08DA9D0008B585 /* MetalDemo.app */,
				F1C532DB2D08DAA00008B585 /* MetalDemoTests.xctest */,
				F1C532E52D08DAA00008B585 /* MetalDemoUITests.xctest */,
			);
			name = Products;
			sourceTree = "<group>";
		};
		F1C532C82D08DA9D0008B585 /* MetalDemo */ = {
			isa = PBXGroup;
			children = (
				F1C532C92D08DA9D0008B585 /* AppDelegate.h */,
				F1C532CA2D08DA9D0008B585 /* AppDelegate.m */,
				F1C532CC2D08DA9D0008B585 /* ViewController.h */,
				F1C532CD2D08DA9D0008B585 /* ViewController.mm */,
				F1C532CF2D08DA9F0008B585 /* Assets.xcassets */,
				F1C532D12D08DA9F0008B585 /* Main.storyboard */,
				F1C532D42D08DA9F0008B585 /* main.m */,
				F1C532D62D08DA9F0008B585 /* MetalDemo.entitlements */,
				F1C532FF2D08DD490008B585 /* Renderer.cpp */,
				F1C533002D08DD490008B585 /* Renderer.hpp */,
				F1C533022D08DFB90008B585 /* RendererAdapter.mm */,
				F1C533042D08DFF10008B585 /* RendererAdapter.h */,
				F1961CE72D0D8B4B00040E03 /* notes.md */,
				F1961CE92D0DC8FF00040E03 /* Shaders.metal */,
			);
			path = MetalDemo;
			sourceTree = "<group>";
		};
		F1C532DE2D08DAA00008B585 /* MetalDemoTests */ = {
			isa = PBXGroup;
			children = (
				F1C532DF2D08DAA00008B585 /* MetalDemoTests.m */,
			);
			path = MetalDemoTests;
			sourceTree = "<group>";
		};
		F1C532E82D08DAA00008B585 /* MetalDemoUITests */ = {
			isa = PBXGroup;
			children = (
				F1C532E92D08DAA00008B585 /* MetalDemoUITests.m */,
				F1C532EB2D08DAA00008B585 /* MetalDemoUITestsLaunchTests.m */,
			);
			path = MetalDemoUITests;
			sourceTree = "<group>";
		};
		F1C532F82D08DC2B0008B585 /* Frameworks */ = {
			isa = PBXGroup;
			children = (
				F1C532FD2D08DC3B0008B585 /* QuartzCore.framework */,
				F1C532FB2D08DC350008B585 /* Metal.framework */,
				F1C532F92D08DC2C0008B585 /* Foundation.framework */,
			);
			name = Frameworks;
			sourceTree = "<group>";
		};
/* End PBXGroup section */

/* Begin PBXNativeTarget section */
		F1C532C52D08DA9D0008B585 /* MetalDemo */ = {
			isa = PBXNativeTarget;
			buildConfigurationList = F1C532EF2D08DAA00008B585 /* Build configuration list for PBXNativeTarget "MetalDemo" */;
			buildPhases = (
				F1C532C22D08DA9D0008B585 /* Sources */,
				F1C532C32D08DA9D0008B585 /* Frameworks */,
				F1C532C42D08DA9D0008B585 /* Resources */,
			);
			buildRules = (
			);
			dependencies = (
			);
			name = MetalDemo;
			productName = MetalDemo;
			productReference = F1C532C62D08DA9D0008B585 /* MetalDemo.app */;
			productType = "com.apple.product-type.application";
		};
		F1C532DA2D08DAA00008B585 /* MetalDemoTests */ = {
			isa = PBXNativeTarget;
			buildConfigurationList = F1C532F22D08DAA00008B585 /* Build configuration list for PBXNativeTarget "MetalDemoTests" */;
			buildPhases = (
				F1C532D72D08DAA00008B585 /* Sources */,
				F1C532D82D08DAA00008B585 /* Frameworks */,
				F1C532D92D08DAA00008B585 /* Resources */,
			);
			buildRules = (
			);
			dependencies = (
				F1C532DD2D08DAA00008B585 /* PBXTargetDependency */,
			);
			name = MetalDemoTests;
			productName = MetalDemoTests;
			productReference = F1C532DB2D08DAA00008B585 /* MetalDemoTests.xctest */;
			productType = "com.apple.product-type.bundle.unit-test";
		};
		F1C532E42D08DAA00008B585 /* MetalDemoUITests */ = {
			isa = PBXNativeTarget;
			buildConfigurationList = F1C532F52D08DAA00008B585 /* Build configuration list for PBXNativeTarget "MetalDemoUITests" */;
			buildPhases = (
				F1C532E12D08DAA00008B585 /* Sources */,
				F1C532E22D08DAA00008B585 /* Frameworks */,
				F1C532E32D08DAA00008B585 /* Resources */,
			);
			buildRules = (
			);
			dependencies = (
				F1C532E72D08DAA00008B585 /* PBXTargetDependency */,
			);
			name = MetalDemoUITests;
			productName = MetalDemoUITests;
			productReference = F1C532E52D08DAA00008B585 /* MetalDemoUITests.xctest */;
			productType = "com.apple.product-type.bundle.ui-testing";
		};
/* End PBXNativeTarget section */

/* Begin PBXProject section */
		F1C532BE2D08DA9D0008B585 /* Project object */ = {
			isa = PBXProject;
			attributes = {
				BuildIndependentTargetsInParallel = 1;
				LastUpgradeCheck = 1520;
				TargetAttributes = {
					F1C532C52D08DA9D0008B585 = {
						CreatedOnToolsVersion = 15.2;
					};
					F1C532DA2D08DAA00008B585 = {
						CreatedOnToolsVersion = 15.2;
						TestTargetID = F1C532C52D08DA9D0008B585;
					};
					F1C532E42D08DAA00008B585 = {
						CreatedOnToolsVersion = 15.2;
						TestTargetID = F1C532C52D08DA9D0008B585;
					};
				};
			};
			buildConfigurationList = F1C532C12D08DA9D0008B585 /* Build configuration list for PBXProject "MetalDemo" */;
			compatibilityVersion = "Xcode 14.0";
			developmentRegion = en;
			hasScannedForEncodings = 0;
			knownRegions = (
				en,
				Base,
			);
			mainGroup = F1C532BD2D08DA9D0008B585;
			productRefGroup = F1C532C72D08DA9D0008B585 /* Products */;
			projectDirPath = "";
			projectRoot = "";
			targets = (
				F1C532C52D08DA9D0008B585 /* MetalDemo */,
				F1C532DA2D08DAA00008B585 /* MetalDemoTests */,
				F1C532E42D08DAA00008B585 /* MetalDemoUITests */,
			);
		};
/* End PBXProject section */

/* Begin PBXResourcesBuildPhase section */
		F1C532C42D08DA9D0008B585 /* Resources */ = {
			isa = PBXResourcesBuildPhase;
			buildActionMask = 2147483647;
			files = (
				F1961CE82D0D8B4B00040E03 /* notes.md in Resources */,
				F1C532D02D08DA9F0008B585 /* Assets.xcassets in Resources */,
				F1C532D32D08DA9F0008B585 /* Main.storyboard in Resources */,
			);
			runOnlyForDeploymentPostprocessing = 0;
		};
		F1C532D92D08DAA00008B585 /* Resources */ = {
			isa = PBXResourcesBuildPhase;
			buildActionMask = 2147483647;
			files = (
			);
			runOnlyForDeploymentPostprocessing = 0;
		};
		F1C532E32D08DAA00008B585 /* Resources */ = {
			isa = PBXResourcesBuildPhase;
			buildActionMask = 2147483647;
			files = (
			);
			runOnlyForDeploymentPostprocessing = 0;
		};
/* End PBXResourcesBuildPhase section */

/* Begin PBXSourcesBuildPhase section */
		F1C532C22D08DA9D0008B585 /* Sources */ = {
			isa = PBXSourcesBuildPhase;
			buildActionMask = 2147483647;
			files = (
				F1961CEA2D0DC8FF00040E03 /* Shaders.metal in Sources */,
				F1C533012D08DD490008B585 /* Renderer.cpp in Sources */,
				F1C532CE2D08DA9D0008B585 /* ViewController.mm in Sources */,
				F1C532D52D08DA9F0008B585 /* main.m in Sources */,
				F1C533032D08DFB90008B585 /* RendererAdapter.mm in Sources */,
				F1C532CB2D08DA9D0008B585 /* AppDelegate.m in Sources */,
			);
			runOnlyForDeploymentPostprocessing = 0;
		};
		F1C532D72D08DAA00008B585 /* Sources */ = {
			isa = PBXSourcesBuildPhase;
			buildActionMask = 2147483647;
			files = (
				F1C532E02D08DAA00008B585 /* MetalDemoTests.m in Sources */,
			);
			runOnlyForDeploymentPostprocessing = 0;
		};
		F1C532E12D08DAA00008B585 /* Sources */ = {
			isa = PBXSourcesBuildPhase;
			buildActionMask = 2147483647;
			files = (
				F1C532EA2D08DAA00008B585 /* MetalDemoUITests.m in Sources */,
				F1C532EC2D08DAA00008B585 /* MetalDemoUITestsLaunchTests.m in Sources */,
			);
			runOnlyForDeploymentPostprocessing = 0;
		};
/* End PBXSourcesBuildPhase section */

/* Begin PBXTargetDependency section */
		F1C532DD2D08DAA00008B585 /* PBXTargetDependency */ = {
			isa = PBXTargetDependency;
			target = F1C532C52D08DA9D0008B585 /* MetalDemo */;
			targetProxy = F1C532DC2D08DAA00008B585 /* PBXContainerItemProxy */;
		};
		F1C532E72D08DAA00008B585 /* PBXTargetDependency */ = {
			isa = PBXTargetDependency;
			target = F1C532C52D08DA9D0008B585 /* MetalDemo */;
			targetProxy = F1C532E62D08DAA00008B585 /* PBXContainerItemProxy */;
		};
/* End PBXTargetDependency section */

/* Begin PBXVariantGroup section */
		F1C532D12D08DA9F0008B585 /* Main.storyboard */ = {
			isa = PBXVariantGroup;
			children = (
				F1C532D22D08DA9F0008B585 /* Base */,
			);
			name = Main.storyboard;
			sourceTree = "<group>";
		};
/* End PBXVariantGroup section */

/* Begin XCBuildConfiguration section */
		F1C532ED2D08DAA00008B585 /* Debug */ = {
			isa = XCBuildConfiguration;
			buildSettings = {
				ALWAYS_SEARCH_USER_PATHS = NO;
				ASSETCATALOG_COMPILER_GENERATE_SWIFT_ASSET_SYMBOL_EXTENSIONS = YES;
				CLANG_ANALYZER_NONNULL = YES;
				CLANG_ANALYZER_NUMBER_OBJECT_CONVERSION = YES_AGGRESSIVE;
				CLANG_CXX_LANGUAGE_STANDARD = "gnu++20";
				CLANG_ENABLE_MODULES = YES;
				CLANG_ENABLE_OBJC_ARC = YES;
				CLANG_ENABLE_OBJC_WEAK = YES;
				CLANG_WARN_BLOCK_CAPTURE_AUTORELEASING = YES;
				CLANG_WARN_BOOL_CONVERSION = YES;
				CLANG_WARN_COMMA = YES;
				CLANG_WARN_CONSTANT_CONVERSION = YES;
				CLANG_WARN_DEPRECATED_OBJC_IMPLEMENTATIONS = YES;
				CLANG_WARN_DIRECT_OBJC_ISA_USAGE = YES_ERROR;
				CLANG_WARN_DOCUMENTATION_COMMENTS = YES;
				CLANG_WARN_EMPTY_BODY = YES;
				CLANG_WARN_ENUM_CONVERSION = YES;
				CLANG_WARN_INFINITE_RECURSION = YES;
				CLANG_WARN_INT_CONVERSION = YES;
				CLANG_WARN_NON_LITERAL_NULL_CONVERSION = YES;
				CLANG_WARN_OBJC_IMPLICIT_RETAIN_SELF = YES;
				CLANG_WARN_OBJC_LITERAL_CONVERSION = YES;
				CLANG_WARN_OBJC_ROOT_CLASS = YES_ERROR;
				CLANG_WARN_QUOTED_INCLUDE_IN_FRAMEWORK_HEADER = YES;
				CLANG_WARN_RANGE_LOOP_ANALYSIS = YES;
				CLANG_WARN_STRICT_PROTOTYPES = YES;
				CLANG_WARN_SUSPICIOUS_MOVE = YES;
				CLANG_WARN_UNGUARDED_AVAILABILITY = YES_AGGRESSIVE;
				CLANG_WARN_UNREACHABLE_CODE = YES;
				CLANG_WARN__DUPLICATE_METHOD_MATCH = YES;
				COPY_PHASE_STRIP = NO;
				DEBUG_INFORMATION_FORMAT = dwarf;
				ENABLE_STRICT_OBJC_MSGSEND = YES;
				ENABLE_TESTABILITY = YES;
				ENABLE_USER_SCRIPT_SANDBOXING = YES;
				GCC_C_LANGUAGE_STANDARD = gnu17;
				GCC_DYNAMIC_NO_PIC = NO;
				GCC_NO_COMMON_BLOCKS = YES;
				GCC_OPTIMIZATION_LEVEL = 0;
				GCC_PREPROCESSOR_DEFINITIONS = (
					"DEBUG=1",
					"$(inherited)",
				);
				GCC_WARN_64_TO_32_BIT_CONVERSION = YES;
				GCC_WARN_ABOUT_RETURN_TYPE = YES_ERROR;
				GCC_WARN_UNDECLARED_SELECTOR = YES;
				GCC_WARN_UNINITIALIZED_AUTOS = YES_AGGRESSIVE;
				GCC_WARN_UNUSED_FUNCTION = YES;
				GCC_WARN_UNUSED_VARIABLE = YES;
				LOCALIZATION_PREFERS_STRING_CATALOGS = YES;
				MACOSX_DEPLOYMENT_TARGET = 13.7;
				MTL_ENABLE_DEBUG_INFO = INCLUDE_SOURCE;
				MTL_FAST_MATH = YES;
				ONLY_ACTIVE_ARCH = YES;
				SDKROOT = macosx;
			};
			name = Debug;
		};
		F1C532EE2D08DAA00008B585 /* Release */ = {
			isa = XCBuildConfiguration;
			buildSettings = {
				ALWAYS_SEARCH_USER_PATHS = NO;
				ASSETCATALOG_COMPILER_GENERATE_SWIFT_ASSET_SYMBOL_EXTENSIONS = YES;
				CLANG_ANALYZER_NONNULL = YES;
				CLANG_ANALYZER_NUMBER_OBJECT_CONVERSION = YES_AGGRESSIVE;
				CLANG_CXX_LANGUAGE_STANDARD = "gnu++20";
				CLANG_ENABLE_MODULES = YES;
				CLANG_ENABLE_OBJC_ARC = YES;
				CLANG_ENABLE_OBJC_WEAK = YES;
				CLANG_WARN_BLOCK_CAPTURE_AUTORELEASING = YES;
				CLANG_WARN_BOOL_CONVERSION = YES;
				CLANG_WARN_COMMA = YES;
				CLANG_WARN_CONSTANT_CONVERSION = YES;
				CLANG_WARN_DEPRECATED_OBJC_IMPLEMENTATIONS = YES;
				CLANG_WARN_DIRECT_OBJC_ISA_USAGE = YES_ERROR;
				CLANG_WARN_DOCUMENTATION_COMMENTS = YES;
				CLANG_WARN_EMPTY_BODY = YES;
				CLANG_WARN_ENUM_CONVERSION = YES;
				CLANG_WARN_INFINITE_RECURSION = YES;
				CLANG_WARN_INT_CONVERSION = YES;
				CLANG_WARN_NON_LITERAL_NULL_CONVERSION = YES;
				CLANG_WARN_OBJC_IMPLICIT_RETAIN_SELF = YES;
				CLANG_WARN_OBJC_LITERAL_CONVERSION = YES;
				CLANG_WARN_OBJC_ROOT_CLASS = YES_ERROR;
				CLANG_WARN_QUOTED_INCLUDE_IN_FRAMEWORK_HEADER = YES;
				CLANG_WARN_RANGE_LOOP_ANALYSIS = YES;
				CLANG_WARN_STRICT_PROTOTYPES = YES;
				CLANG_WARN_SUSPICIOUS_MOVE = YES;
				CLANG_WARN_UNGUARDED_AVAILABILITY = YES_AGGRESSIVE;
				CLANG_WARN_UNREACHABLE_CODE = YES;
				CLANG_WARN__DUPLICATE_METHOD_MATCH = YES;
				COPY_PHASE_STRIP = NO;
				DEBUG_INFORMATION_FORMAT = "dwarf-with-dsym";
				ENABLE_NS_ASSERTIONS = NO;
				ENABLE_STRICT_OBJC_MSGSEND = YES;
				ENABLE_USER_SCRIPT_SANDBOXING = YES;
				GCC_C_LANGUAGE_STANDARD = gnu17;
				GCC_NO_COMMON_BLOCKS = YES;
				GCC_WARN_64_TO_32_BIT_CONVERSION = YES;
				GCC_WARN_ABOUT_RETURN_TYPE = YES_ERROR;
				GCC_WARN_UNDECLARED_SELECTOR = YES;
				GCC_WARN_UNINITIALIZED_AUTOS = YES_AGGRESSIVE;
				GCC_WARN_UNUSED_FUNCTION = YES;
				GCC_WARN_UNUSED_VARIABLE = YES;
				LOCALIZATION_PREFERS_STRING_CATALOGS = YES;
				MACOSX_DEPLOYMENT_TARGET = 13.7;
				MTL_ENABLE_DEBUG_INFO = NO;
				MTL_FAST_MATH = YES;
				SDKROOT = macosx;
			};
			name = Release;
		};
		F1C532F02D08DAA00008B585 /* Debug */ = {
			isa = XCBuildConfiguration;
			buildSettings = {
				ASSETCATALOG_COMPILER_APPICON_NAME = AppIcon;
				ASSETCATALOG_COMPILER_GLOBAL_ACCENT_COLOR_NAME = AccentColor;
				CODE_SIGN_ENTITLEMENTS = MetalDemo/MetalDemo.entitlements;
				CODE_SIGN_STYLE = Automatic;
				COMBINE_HIDPI_IMAGES = YES;
				CURRENT_PROJECT_VERSION = 1;
				DEVELOPMENT_TEAM = XX756S6GMX;
				ENABLE_HARDENED_RUNTIME = YES;
				GENERATE_INFOPLIST_FILE = YES;
				HEADER_SEARCH_PATHS = "/Users/giorgiogamba/lib/metal-cpp";
				INFOPLIST_KEY_NSHumanReadableCopyright = "";
				INFOPLIST_KEY_NSMainStoryboardFile = Main;
				INFOPLIST_KEY_NSPrincipalClass = NSApplication;
				LD_RUNPATH_SEARCH_PATHS = (
					"$(inherited)",
					"@executable_path/../Frameworks",
				);
				MARKETING_VERSION = 1.0;
				PRODUCT_BUNDLE_IDENTIFIER = Giorgio.MetalDemo;
				PRODUCT_NAME = "$(TARGET_NAME)";
				SWIFT_EMIT_LOC_STRINGS = YES;
			};
			name = Debug;
		};
		F1C532F12D08DAA00008B585 /* Release */ = {
			isa = XCBuildConfiguration;
			buildSettings = {
				ASSETCATALOG_COMPILER_APPICON_NAME = AppIcon;
				ASSETCATALOG_COMPILER_GLOBAL_ACCENT_COLOR_NAME = AccentColor;
				CODE_SIGN_ENTITLEMENTS = MetalDemo/MetalDemo.entitlements;
				CODE_SIGN_STYLE = Automatic;
				COMBINE_HIDPI_IMAGES = YES;
				CURRENT_PROJECT_VERSION = 1;
				DEVELOPMENT_TEAM = XX756S6GMX;
				ENABLE_HARDENED_RUNTIME = YES;
				GENERATE_INFOPLIST_FILE = YES;
				HEADER_SEARCH_PATHS = "/Users/giorgiogamba/lib/metal-cpp";
				INFOPLIST_KEY_NSHumanReadableCopyright = "";
				INFOPLIST_KEY_NSMainStoryboardFile = Main;
				INFOPLIST_KEY_NSPrincipalClass = NSApplication;
				LD_RUNPATH_SEARCH_PATHS = (
					"$(inherited)",
					"@executable_path/../Frameworks",
				);
				MARKETING_VERSION = 1.0;
				PRODUCT_BUNDLE_IDENTIFIER = Giorgio.MetalDemo;
				PRODUCT_NAME = "$(TARGET_NAME)";
				SWIFT_EMIT_LOC_STRINGS = YES;
			};
			name = Release;
		};
		F1C532F32D08DAA00008B585 /* Debug */ = {
			isa = XCBuildConfiguration;
			buildSettings = {
				BUNDLE_LOADER = "$(TEST_HOST)";
				CODE_SIGN_STYLE = Automatic;
				CURRENT_PROJECT_VERSION = 1;
				DEVELOPMENT_TEAM = XX756S6GMX;
				GENERATE_INFOPLIST_FILE = YES;
				MACOSX_DEPLOYMENT_TARGET = 13.7;
				MARKETING_VERSION = 1.0;
				PRODUCT_BUNDLE_IDENTIFIER = Giorgio.MetalDemoTests;
				PRODUCT_NAME = "$(TARGET_NAME)";
				SWIFT_EMIT_LOC_STRINGS = NO;
				TEST_HOST = "$(BUILT_PRODUCTS_DIR)/MetalDemo.app/$(BUNDLE_EXECUTABLE_FOLDER_PATH)/MetalDemo";
			};
			name = Debug;
		};
		F1C532F42D08DAA00008B585 /* Release */ = {
			isa = XCBuildConfiguration;
			buildSettings = {
				BUNDLE_LOADER = "$(TEST_HOST)";
				CODE_SIGN_STYLE = Automatic;
				CURRENT_PROJECT_VERSION = 1;
				DEVELOPMENT_TEAM = XX756S6GMX;
				GENERATE_INFOPLIST_FILE = YES;
				MACOSX_DEPLOYMENT_TARGET = 13.7;
				MARKETING_VERSION = 1.0;
				PRODUCT_BUNDLE_IDENTIFIER = Giorgio.MetalDemoTests;
				PRODUCT_NAME = "$(TARGET_NAME)";
				SWIFT_EMIT_LOC_STRINGS = NO;
				TEST_HOST = "$(BUILT_PRODUCTS_DIR)/MetalDemo.app/$(BUNDLE_EXECUTABLE_FOLDER_PATH)/MetalDemo";
			};
			name = Release;
		};
		F1C532F62D08DAA00008B585 /* Debug */ = {
			isa = XCBuildConfiguration;
			buildSettings = {
				CODE_SIGN_STYLE = Automatic;
				CURRENT_PROJECT_VERSION = 1;
				DEVELOPMENT_TEAM = XX756S6GMX;
				GENERATE_INFOPLIST_FILE = YES;
				MARKETING_VERSION = 1.0;
				PRODUCT_BUNDLE_IDENTIFIER = Giorgio.MetalDemoUITests;
				PRODUCT_NAME = "$(TARGET_NAME)";
				SWIFT_EMIT_LOC_STRINGS = NO;
				TEST_TARGET_NAME = MetalDemo;
			};
			name = Debug;
		};
		F1C532F72D08DAA00008B585 /* Release */ = {
			isa = XCBuildConfiguration;
			buildSettings = {
				CODE_SIGN_STYLE = Automatic;
				CURRENT_PROJECT_VERSION = 1;
				DEVELOPMENT_TEAM = XX756S6GMX;
				GENERATE_INFOPLIST_FILE = YES;
				MARKETING_VERSION = 1.0;
				PRODUCT_BUNDLE_IDENTIFIER = Giorgio.MetalDemoUITests;
				PRODUCT_NAME = "$(TARGET_NAME)";
				SWIFT_EMIT_LOC_STRINGS = NO;
				TEST_TARGET_NAME = MetalDemo;
			};
			name = Release;
		};
/* End XCBuildConfiguration section */

/* Begin XCConfigurationList section */
		F1C532C12D08DA9D0008B585 /* Build configuration list for PBXProject "MetalDemo" */ = {
			isa = XCConfigurationList;
			buildConfigurations = (
				F1C532ED2D08DAA00008B585 /* Debug */,
				F1C532EE2D08DAA00008B585 /* Release */,
			);
			defaultConfigurationIsVisible = 0;
			defaultConfigurationName = Release;
		};
		F1C532EF2D08DAA00008B585 /* Build configuration list for PBXNativeTarget "MetalDemo" */ = {
			isa = XCConfigurationList;
			buildConfigurations = (
				F1C532F02D08DAA00008B585 /* Debug */,
				F1C532F12D08DAA00008B585 /* Release */,
			);
			defaultConfigurationIsVisible = 0;
			defaultConfigurationName = Release;
		};
		F1C532F22D08DAA00008B585 /* Build configuration list for PBXNativeTarget "MetalDemoTests" */ = {
			isa = XCConfigurationList;
			buildConfigurations = (
				F1C532F32D08DAA00008B585 /* Debug */,
				F1C532F42D08DAA00008B585 /* Release */,
			);
			defaultConfigurationIsVisible = 0;
			defaultConfigurationName = Release;
		};
		F1C532F52D08DAA00008B585 /* Build configuration list for PBXNativeTarget "MetalDemoUITests" */ = {
			isa = XCConfigurationList;
			buildConfigurations = (
				F1C532F62D08DAA00008B585 /* Debug */,
				F1C532F72D08DAA00008B585 /* Release */,
			);
			defaultConfigurationIsVisible = 0;
			defaultConfigurationName = Release;
		};
/* End XCConfigurationList section */
	};
	rootObject = F1C532BE2D08DA9D0008B585 /* Project object */;
}
